# Licensed to the Apache Software Foundation (ASF) under one
# or more contributor license agreements.  See the NOTICE file
# distributed with this work for additional information
# regarding copyright ownership.  The ASF licenses this file
# to you under the Apache License, Version 2.0 (the
# "License"); you may not use this file except in compliance
# with the License.  You may obtain a copy of the License at
#
#   http://www.apache.org/licenses/LICENSE-2.0
#
# Unless required by applicable law or agreed to in writing,
# software distributed under the License is distributed on an
# "AS IS" BASIS, WITHOUT WARRANTIES OR CONDITIONS OF ANY
# KIND, either express or implied.  See the License for the
# specific language governing permissions and limitations
# under the License.

# .apache-magpie.lock — committed; the project's pin.
# Edited only by /magpie-setup; do not modify by hand.
#
# The header above is this project's, not part of the lock format. `/magpie-setup
# upgrade --bump-committed` edits the fields below in place rather than rewriting
# the file, so it survives a version bump — restore it if a bump ever drops it,
# or the RAT scan fails.

method: svn-zip
url:    https://downloads.apache.org/magpie/0.1.0/apache-magpie-0.1.0-source.zip
ref:    0.1.0
sha512: 991218c7ecbe66a5ccf4b6e5b55cedee33382d8f38d1bd8683a45303771e8d43cd106acd371931801450ed77d993c9c778fd03f0c231eb892adb7f8b21af3568
